
Microsoft Visual Studio Solution File, Format Version 11.00
# Visual Studio 2010
Project("{FAE04EC0-301F-11D3-BF4B-00C04F79EFBC}") = "SpikeWPF", "SpikeWPF\SpikeWPF.csproj", "{901FE9A6-CC62-4B16-9A5A-C0E330C80318}"
EndProject
Global
	GlobalSection(SolutionConfigurationPlatforms) = preSolution
		Debug|Any CPU = Debug|Any CPU
		Release|Any CPU = Release|Any CPU
	EndGlobalSection
	GlobalSection(ProjectConfigurationPlatforms) = postSolution
		{901FE9A6-CC62-4B16-9A5A-C0E330C80318}.Debug|Any CPU.ActiveCfg = Debug|Any CPU
		{901FE9A6-CC62-4B16-9A5A-C0E330C80318}.Debug|Any CPU.Build.0 = Debug|Any CPU
		{901FE9A6-CC62-4B16-9A5A-C0E330C80318}.Release|Any CPU.ActiveCfg = Release|Any CPU
		{901FE9A6-CC62-4B16-9A5A-C0E330C80318}.Release|Any CPU.Build.0 = Release|Any CPU
	EndGlobalSection
	GlobalSection(SolutionProperties) = preSolution
		HideSolutionNode = FALSE
	EndGlobalSection
EndGlobal
