
Microsoft Visual Studio Solution File, Format Version 11.00
# Visual Studio 2010
Project("{FAE04EC0-301F-11D3-BF4B-00C04F79EFBC}") = "STim", "STim\STim.csproj", "{D04552DB-406D-474E-9E20-303AAD30C7DA}"
EndProject
Project("{FAE04EC0-301F-11D3-BF4B-00C04F79EFBC}") = "STimWPF", "STimWPF\STimWPF.csproj", "{047A0786-3A92-412B-BB0E-BFB787189F84}"
	ProjectSection(ProjectDependencies) = postProject
		{D04552DB-406D-474E-9E20-303AAD30C7DA} = {D04552DB-406D-474E-9E20-303AAD30C7DA}
	EndProjectSection
EndProject
Project("{FAE04EC0-301F-11D3-BF4B-00C04F79EFBC}") = "DataAnalizer", "DataAnalizer\DataAnalizer.csproj", "{0DCEF8CC-7315-4B4E-86D9-5EA4DD65FF79}"
EndProject
Project("{FAE04EC0-301F-11D3-BF4B-00C04F79EFBC}") = "STimCore4V", "STimVVVV\plugins\ValueSTimCore\STimCore4V.csproj", "{6A0AFB1F-8219-4A08-85F7-B7F19B66AC16}"
EndProject
Project("{FAE04EC0-301F-11D3-BF4B-00C04F79EFBC}") = "STimCamera4V", "STimVVVV\plugins\STimCamera\STimCamera4V.csproj", "{F38CFF16-7E0B-4C59-9499-6B2BF859AC86}"
EndProject
Global
	GlobalSection(SolutionConfigurationPlatforms) = preSolution
		Debug|Any CPU = Debug|Any CPU
		Debug|Mixed Platforms = Debug|Mixed Platforms
		Debug|x64 = Debug|x64
		Debug|x86 = Debug|x86
		Release|Any CPU = Release|Any CPU
		Release|Mixed Platforms = Release|Mixed Platforms
		Release|x64 = Release|x64
		Release|x86 = Release|x86
	EndGlobalSection
	GlobalSection(ProjectConfigurationPlatforms) = postSolution
		{D04552DB-406D-474E-9E20-303AAD30C7DA}.Debug|Any CPU.ActiveCfg = Debug|Any CPU
		{D04552DB-406D-474E-9E20-303AAD30C7DA}.Debug|Any CPU.Build.0 = Debug|Any CPU
		{D04552DB-406D-474E-9E20-303AAD30C7DA}.Debug|Mixed Platforms.ActiveCfg = Debug|Any CPU
		{D04552DB-406D-474E-9E20-303AAD30C7DA}.Debug|Mixed Platforms.Build.0 = Debug|Any CPU
		{D04552DB-406D-474E-9E20-303AAD30C7DA}.Debug|x64.ActiveCfg = Debug|Any CPU
		{D04552DB-406D-474E-9E20-303AAD30C7DA}.Debug|x86.ActiveCfg = Debug|Any CPU
		{D04552DB-406D-474E-9E20-303AAD30C7DA}.Release|Any CPU.ActiveCfg = Release|Any CPU
		{D04552DB-406D-474E-9E20-303AAD30C7DA}.Release|Any CPU.Build.0 = Release|Any CPU
		{D04552DB-406D-474E-9E20-303AAD30C7DA}.Release|Mixed Platforms.ActiveCfg = Release|Any CPU
		{D04552DB-406D-474E-9E20-303AAD30C7DA}.Release|Mixed Platforms.Build.0 = Release|Any CPU
		{D04552DB-406D-474E-9E20-303AAD30C7DA}.Release|x64.ActiveCfg = Release|Any CPU
		{D04552DB-406D-474E-9E20-303AAD30C7DA}.Release|x86.ActiveCfg = Release|Any CPU
		{047A0786-3A92-412B-BB0E-BFB787189F84}.Debug|Any CPU.ActiveCfg = Debug|x86
		{047A0786-3A92-412B-BB0E-BFB787189F84}.Debug|Mixed Platforms.ActiveCfg = Debug|x86
		{047A0786-3A92-412B-BB0E-BFB787189F84}.Debug|Mixed Platforms.Build.0 = Debug|x86
		{047A0786-3A92-412B-BB0E-BFB787189F84}.Debug|x64.ActiveCfg = Debug|x86
		{047A0786-3A92-412B-BB0E-BFB787189F84}.Debug|x86.ActiveCfg = Debug|x86
		{047A0786-3A92-412B-BB0E-BFB787189F84}.Debug|x86.Build.0 = Debug|x86
		{047A0786-3A92-412B-BB0E-BFB787189F84}.Release|Any CPU.ActiveCfg = Release|x86
		{047A0786-3A92-412B-BB0E-BFB787189F84}.Release|Mixed Platforms.ActiveCfg = Release|x86
		{047A0786-3A92-412B-BB0E-BFB787189F84}.Release|Mixed Platforms.Build.0 = Release|x86
		{047A0786-3A92-412B-BB0E-BFB787189F84}.Release|x64.ActiveCfg = Release|x86
		{047A0786-3A92-412B-BB0E-BFB787189F84}.Release|x86.ActiveCfg = Release|x86
		{047A0786-3A92-412B-BB0E-BFB787189F84}.Release|x86.Build.0 = Release|x86
		{0DCEF8CC-7315-4B4E-86D9-5EA4DD65FF79}.Debug|Any CPU.ActiveCfg = Debug|x86
		{0DCEF8CC-7315-4B4E-86D9-5EA4DD65FF79}.Debug|Mixed Platforms.ActiveCfg = Debug|x86
		{0DCEF8CC-7315-4B4E-86D9-5EA4DD65FF79}.Debug|Mixed Platforms.Build.0 = Debug|x86
		{0DCEF8CC-7315-4B4E-86D9-5EA4DD65FF79}.Debug|x64.ActiveCfg = Debug|x86
		{0DCEF8CC-7315-4B4E-86D9-5EA4DD65FF79}.Debug|x86.ActiveCfg = Debug|x86
		{0DCEF8CC-7315-4B4E-86D9-5EA4DD65FF79}.Debug|x86.Build.0 = Debug|x86
		{0DCEF8CC-7315-4B4E-86D9-5EA4DD65FF79}.Release|Any CPU.ActiveCfg = Release|x86
		{0DCEF8CC-7315-4B4E-86D9-5EA4DD65FF79}.Release|Mixed Platforms.ActiveCfg = Release|x86
		{0DCEF8CC-7315-4B4E-86D9-5EA4DD65FF79}.Release|Mixed Platforms.Build.0 = Release|x86
		{0DCEF8CC-7315-4B4E-86D9-5EA4DD65FF79}.Release|x64.ActiveCfg = Release|x86
		{0DCEF8CC-7315-4B4E-86D9-5EA4DD65FF79}.Release|x86.ActiveCfg = Release|x86
		{0DCEF8CC-7315-4B4E-86D9-5EA4DD65FF79}.Release|x86.Build.0 = Release|x86
		{6A0AFB1F-8219-4A08-85F7-B7F19B66AC16}.Debug|Any CPU.ActiveCfg = Debug|Any CPU
		{6A0AFB1F-8219-4A08-85F7-B7F19B66AC16}.Debug|Any CPU.Build.0 = Debug|Any CPU
		{6A0AFB1F-8219-4A08-85F7-B7F19B66AC16}.Debug|Mixed Platforms.ActiveCfg = Debug|x64
		{6A0AFB1F-8219-4A08-85F7-B7F19B66AC16}.Debug|Mixed Platforms.Build.0 = Debug|x64
		{6A0AFB1F-8219-4A08-85F7-B7F19B66AC16}.Debug|x64.ActiveCfg = Debug|x64
		{6A0AFB1F-8219-4A08-85F7-B7F19B66AC16}.Debug|x64.Build.0 = Debug|x64
		{6A0AFB1F-8219-4A08-85F7-B7F19B66AC16}.Debug|x86.ActiveCfg = Debug|x86
		{6A0AFB1F-8219-4A08-85F7-B7F19B66AC16}.Debug|x86.Build.0 = Debug|x86
		{6A0AFB1F-8219-4A08-85F7-B7F19B66AC16}.Release|Any CPU.ActiveCfg = Release|Any CPU
		{6A0AFB1F-8219-4A08-85F7-B7F19B66AC16}.Release|Any CPU.Build.0 = Release|Any CPU
		{6A0AFB1F-8219-4A08-85F7-B7F19B66AC16}.Release|Mixed Platforms.ActiveCfg = Release|x64
		{6A0AFB1F-8219-4A08-85F7-B7F19B66AC16}.Release|Mixed Platforms.Build.0 = Release|x64
		{6A0AFB1F-8219-4A08-85F7-B7F19B66AC16}.Release|x64.ActiveCfg = Release|x64
		{6A0AFB1F-8219-4A08-85F7-B7F19B66AC16}.Release|x64.Build.0 = Release|x64
		{6A0AFB1F-8219-4A08-85F7-B7F19B66AC16}.Release|x86.ActiveCfg = Release|x86
		{6A0AFB1F-8219-4A08-85F7-B7F19B66AC16}.Release|x86.Build.0 = Release|x86
		{F38CFF16-7E0B-4C59-9499-6B2BF859AC86}.Debug|Any CPU.ActiveCfg = Debug|Any CPU
		{F38CFF16-7E0B-4C59-9499-6B2BF859AC86}.Debug|Any CPU.Build.0 = Debug|Any CPU
		{F38CFF16-7E0B-4C59-9499-6B2BF859AC86}.Debug|Mixed Platforms.ActiveCfg = Debug|x64
		{F38CFF16-7E0B-4C59-9499-6B2BF859AC86}.Debug|Mixed Platforms.Build.0 = Debug|x64
		{F38CFF16-7E0B-4C59-9499-6B2BF859AC86}.Debug|x64.ActiveCfg = Debug|x64
		{F38CFF16-7E0B-4C59-9499-6B2BF859AC86}.Debug|x64.Build.0 = Debug|x64
		{F38CFF16-7E0B-4C59-9499-6B2BF859AC86}.Debug|x86.ActiveCfg = Debug|x86
		{F38CFF16-7E0B-4C59-9499-6B2BF859AC86}.Debug|x86.Build.0 = Debug|x86
		{F38CFF16-7E0B-4C59-9499-6B2BF859AC86}.Release|Any CPU.ActiveCfg = Release|Any CPU
		{F38CFF16-7E0B-4C59-9499-6B2BF859AC86}.Release|Any CPU.Build.0 = Release|Any CPU
		{F38CFF16-7E0B-4C59-9499-6B2BF859AC86}.Release|Mixed Platforms.ActiveCfg = Release|x64
		{F38CFF16-7E0B-4C59-9499-6B2BF859AC86}.Release|Mixed Platforms.Build.0 = Release|x64
		{F38CFF16-7E0B-4C59-9499-6B2BF859AC86}.Release|x64.ActiveCfg = Release|x64
		{F38CFF16-7E0B-4C59-9499-6B2BF859AC86}.Release|x64.Build.0 = Release|x64
		{F38CFF16-7E0B-4C59-9499-6B2BF859AC86}.Release|x86.ActiveCfg = Release|x86
		{F38CFF16-7E0B-4C59-9499-6B2BF859AC86}.Release|x86.Build.0 = Release|x86
	EndGlobalSection
	GlobalSection(SolutionProperties) = preSolution
		HideSolutionNode = FALSE
	EndGlobalSection
EndGlobal
